
Microsoft Visual Studio Solution File, Format Version 12.00
# Visual Studio Version 17
VisualStudioVersion = 17.9.34723.18
MinimumVisualStudioVersion = 10.0.40219.1
Project("{FAE04EC0-301F-11D3-BF4B-00C04F79EFBC}") = "BookShop.Application", "BookShop.Application\BookShop.Application.csproj", "{A9C66E58-2AA4-4682-B912-4279EFED27D9}"
EndProject
Project("{FAE04EC0-301F-11D3-BF4B-00C04F79EFBC}") = "BookShop.DataAccess", "BookShop.DataAccess\BookShop.DataAccess.csproj", "{CF97DA4E-8262-42A8-8BBF-4C6525CA051F}"
EndProject
Project("{FAE04EC0-301F-11D3-BF4B-00C04F79EFBC}") = "BookShop.API", "BookShop.API\BookShop.API.csproj", "{BF6E9D77-30D0-4780-BE5C-8AB41AC75E92}"
EndProject
Project("{FAE04EC0-301F-11D3-BF4B-00C04F79EFBC}") = "BookShop.Shared", "BookShop.Shared\BookShop.Shared.csproj", "{9014AA26-AAD2-411F-A0F0-B178EBE281E1}"
EndProject
Global
	GlobalSection(SolutionConfigurationPlatforms) = preSolution
		Debug|Any CPU = Debug|Any CPU
		Release|Any CPU = Release|Any CPU
	EndGlobalSection
	GlobalSection(ProjectConfigurationPlatforms) = postSolution
		{A9C66E58-2AA4-4682-B912-4279EFED27D9}.Debug|Any CPU.ActiveCfg = Debug|Any CPU
		{A9C66E58-2AA4-4682-B912-4279EFED27D9}.Debug|Any CPU.Build.0 = Debug|Any CPU
		{A9C66E58-2AA4-4682-B912-4279EFED27D9}.Release|Any CPU.ActiveCfg = Release|Any CPU
		{A9C66E58-2AA4-4682-B912-4279EFED27D9}.Release|Any CPU.Build.0 = Release|Any CPU
		{CF97DA4E-8262-42A8-8BBF-4C6525CA051F}.Debug|Any CPU.ActiveCfg = Debug|Any CPU
		{CF97DA4E-8262-42A8-8BBF-4C6525CA051F}.Debug|Any CPU.Build.0 = Debug|Any CPU
		{CF97DA4E-8262-42A8-8BBF-4C6525CA051F}.Release|Any CPU.ActiveCfg = Release|Any CPU
		{CF97DA4E-8262-42A8-8BBF-4C6525CA051F}.Release|Any CPU.Build.0 = Release|Any CPU
		{BF6E9D77-30D0-4780-BE5C-8AB41AC75E92}.Debug|Any CPU.ActiveCfg = Debug|Any CPU
		{BF6E9D77-30D0-4780-BE5C-8AB41AC75E92}.Debug|Any CPU.Build.0 = Debug|Any CPU
		{BF6E9D77-30D0-4780-BE5C-8AB41AC75E92}.Release|Any CPU.ActiveCfg = Release|Any CPU
		{BF6E9D77-30D0-4780-BE5C-8AB41AC75E92}.Release|Any CPU.Build.0 = Release|Any CPU
		{9014AA26-AAD2-411F-A0F0-B178EBE281E1}.Debug|Any CPU.ActiveCfg = Debug|Any CPU
		{9014AA26-AAD2-411F-A0F0-B178EBE281E1}.Debug|Any CPU.Build.0 = Debug|Any CPU
		{9014AA26-AAD2-411F-A0F0-B178EBE281E1}.Release|Any CPU.ActiveCfg = Release|Any CPU
		{9014AA26-AAD2-411F-A0F0-B178EBE281E1}.Release|Any CPU.Build.0 = Release|Any CPU
	EndGlobalSection
	GlobalSection(SolutionProperties) = preSolution
		HideSolutionNode = FALSE
	EndGlobalSection
	GlobalSection(ExtensibilityGlobals) = postSolution
		SolutionGuid = {0FCDC697-FDFC-4E46-A678-6A4864A42050}
	EndGlobalSection
EndGlobal
