
Microsoft Visual Studio Solution File, Format Version 12.00
# Visual Studio Version 17
VisualStudioVersion = 17.9.34723.18
MinimumVisualStudioVersion = 10.0.40219.1
Project("{2150E333-8FDC-42A3-9474-1A3956D46DE8}") = "Core", "Core", "{6FD3707A-33FD-4FE6-8BB3-7B62066FF317}"
EndProject
Project("{2150E333-8FDC-42A3-9474-1A3956D46DE8}") = "External", "External", "{84CF5BBB-90DE-470F-9317-76525C4BDFB5}"
EndProject
Project("{9A19103F-16F7-4668-BE54-9A1E7A4F7556}") = "BookShop.Application", "Core\BookShop.Application\BookShop.Application.csproj", "{C3267087-3283-4716-A586-3C074AEB1A8F}"
EndProject
Project("{9A19103F-16F7-4668-BE54-9A1E7A4F7556}") = "BookShop.Data", "Core\BookShop.Data\BookShop.Data.csproj", "{746A6287-1981-476A-8EC4-197FA5A33B7D}"
EndProject
Project("{2150E333-8FDC-42A3-9474-1A3956D46DE8}") = "Presentation", "Presentation", "{EEC488E5-3617-4BCF-9B68-88C9A51CADFC}"
EndProject
Project("{2150E333-8FDC-42A3-9474-1A3956D46DE8}") = "Common", "Common", "{8813B31C-2829-44E9-9BB1-79BE1A1A236E}"
EndProject
Project("{2150E333-8FDC-42A3-9474-1A3956D46DE8}") = "Infrastructure", "Infrastructure", "{F7D674AC-2650-40BD-9035-AE50D6B31B0F}"
EndProject
Project("{9A19103F-16F7-4668-BE54-9A1E7A4F7556}") = "BookShop.Configuration", "External\Common\BookShop.Shared\BookShop.Configuration.csproj", "{04171184-2016-4F6E-B163-134D22D65B03}"
EndProject
Project("{9A19103F-16F7-4668-BE54-9A1E7A4F7556}") = "BookShop.API", "External\Presentation\BookShop.API\BookShop.API.csproj", "{052B1260-110D-4C9B-85A9-964D502EB244}"
EndProject
Project("{2150E333-8FDC-42A3-9474-1A3956D46DE8}") = "Persistence", "Persistence", "{A4253242-4B2A-4398-A546-F5A3E538D4EF}"
EndProject
Project("{2150E333-8FDC-42A3-9474-1A3956D46DE8}") = "Relational", "Relational", "{52B8DFA5-A670-42FB-B5FA-AEF800EDE5B5}"
EndProject
Project("{2150E333-8FDC-42A3-9474-1A3956D46DE8}") = "Caching", "Caching", "{BA49A7E8-7A05-4D76-801F-7E273F231623}"
EndProject
Project("{9A19103F-16F7-4668-BE54-9A1E7A4F7556}") = "BookShop.SqlServer", "External\Infrastructure\Persistence\Relational\BookShop.SqlServer\BookShop.SqlServer.csproj", "{EE505DA8-568E-481A-981A-D8E57D17ABA9}"
EndProject
Project("{9A19103F-16F7-4668-BE54-9A1E7A4F7556}") = "BookShop.Redis", "External\Infrastructure\Persistence\Caching\BookShop.Redis\BookShop.Redis.csproj", "{AA2E93AC-4DCD-4E89-8CA7-015C9C9CAF69}"
EndProject
Project("{2150E333-8FDC-42A3-9474-1A3956D46DE8}") = "IdentityService", "IdentityService", "{802DF262-4541-47C4-9EB2-63F0B188F32C}"
EndProject
Project("{FAE04EC0-301F-11D3-BF4B-00C04F79EFBC}") = "BookShop.JsonWebToken", "External\Infrastructure\IdentityService\BookShop.JsonWebToken\BookShop.JsonWebToken.csproj", "{115B9304-3C11-4DC3-822A-DE3EE17FF2E1}"
EndProject
Global
	GlobalSection(SolutionConfigurationPlatforms) = preSolution
		Debug|Any CPU = Debug|Any CPU
		Release|Any CPU = Release|Any CPU
	EndGlobalSection
	GlobalSection(ProjectConfigurationPlatforms) = postSolution
		{C3267087-3283-4716-A586-3C074AEB1A8F}.Debug|Any CPU.ActiveCfg = Debug|Any CPU
		{C3267087-3283-4716-A586-3C074AEB1A8F}.Debug|Any CPU.Build.0 = Debug|Any CPU
		{C3267087-3283-4716-A586-3C074AEB1A8F}.Release|Any CPU.ActiveCfg = Release|Any CPU
		{C3267087-3283-4716-A586-3C074AEB1A8F}.Release|Any CPU.Build.0 = Release|Any CPU
		{746A6287-1981-476A-8EC4-197FA5A33B7D}.Debug|Any CPU.ActiveCfg = Debug|Any CPU
		{746A6287-1981-476A-8EC4-197FA5A33B7D}.Debug|Any CPU.Build.0 = Debug|Any CPU
		{746A6287-1981-476A-8EC4-197FA5A33B7D}.Release|Any CPU.ActiveCfg = Release|Any CPU
		{746A6287-1981-476A-8EC4-197FA5A33B7D}.Release|Any CPU.Build.0 = Release|Any CPU
		{04171184-2016-4F6E-B163-134D22D65B03}.Debug|Any CPU.ActiveCfg = Debug|Any CPU
		{04171184-2016-4F6E-B163-134D22D65B03}.Debug|Any CPU.Build.0 = Debug|Any CPU
		{04171184-2016-4F6E-B163-134D22D65B03}.Release|Any CPU.ActiveCfg = Release|Any CPU
		{04171184-2016-4F6E-B163-134D22D65B03}.Release|Any CPU.Build.0 = Release|Any CPU
		{052B1260-110D-4C9B-85A9-964D502EB244}.Debug|Any CPU.ActiveCfg = Debug|Any CPU
		{052B1260-110D-4C9B-85A9-964D502EB244}.Debug|Any CPU.Build.0 = Debug|Any CPU
		{052B1260-110D-4C9B-85A9-964D502EB244}.Release|Any CPU.ActiveCfg = Release|Any CPU
		{052B1260-110D-4C9B-85A9-964D502EB244}.Release|Any CPU.Build.0 = Release|Any CPU
		{EE505DA8-568E-481A-981A-D8E57D17ABA9}.Debug|Any CPU.ActiveCfg = Debug|Any CPU
		{EE505DA8-568E-481A-981A-D8E57D17ABA9}.Debug|Any CPU.Build.0 = Debug|Any CPU
		{EE505DA8-568E-481A-981A-D8E57D17ABA9}.Release|Any CPU.ActiveCfg = Release|Any CPU
		{EE505DA8-568E-481A-981A-D8E57D17ABA9}.Release|Any CPU.Build.0 = Release|Any CPU
		{AA2E93AC-4DCD-4E89-8CA7-015C9C9CAF69}.Debug|Any CPU.ActiveCfg = Debug|Any CPU
		{AA2E93AC-4DCD-4E89-8CA7-015C9C9CAF69}.Debug|Any CPU.Build.0 = Debug|Any CPU
		{AA2E93AC-4DCD-4E89-8CA7-015C9C9CAF69}.Release|Any CPU.ActiveCfg = Release|Any CPU
		{AA2E93AC-4DCD-4E89-8CA7-015C9C9CAF69}.Release|Any CPU.Build.0 = Release|Any CPU
		{115B9304-3C11-4DC3-822A-DE3EE17FF2E1}.Debug|Any CPU.ActiveCfg = Debug|Any CPU
		{115B9304-3C11-4DC3-822A-DE3EE17FF2E1}.Debug|Any CPU.Build.0 = Debug|Any CPU
		{115B9304-3C11-4DC3-822A-DE3EE17FF2E1}.Release|Any CPU.ActiveCfg = Release|Any CPU
		{115B9304-3C11-4DC3-822A-DE3EE17FF2E1}.Release|Any CPU.Build.0 = Release|Any CPU
	EndGlobalSection
	GlobalSection(SolutionProperties) = preSolution
		HideSolutionNode = FALSE
	EndGlobalSection
	GlobalSection(NestedProjects) = preSolution
		{C3267087-3283-4716-A586-3C074AEB1A8F} = {6FD3707A-33FD-4FE6-8BB3-7B62066FF317}
		{746A6287-1981-476A-8EC4-197FA5A33B7D} = {6FD3707A-33FD-4FE6-8BB3-7B62066FF317}
		{EEC488E5-3617-4BCF-9B68-88C9A51CADFC} = {84CF5BBB-90DE-470F-9317-76525C4BDFB5}
		{8813B31C-2829-44E9-9BB1-79BE1A1A236E} = {84CF5BBB-90DE-470F-9317-76525C4BDFB5}
		{F7D674AC-2650-40BD-9035-AE50D6B31B0F} = {84CF5BBB-90DE-470F-9317-76525C4BDFB5}
		{04171184-2016-4F6E-B163-134D22D65B03} = {8813B31C-2829-44E9-9BB1-79BE1A1A236E}
		{052B1260-110D-4C9B-85A9-964D502EB244} = {EEC488E5-3617-4BCF-9B68-88C9A51CADFC}
		{A4253242-4B2A-4398-A546-F5A3E538D4EF} = {F7D674AC-2650-40BD-9035-AE50D6B31B0F}
		{52B8DFA5-A670-42FB-B5FA-AEF800EDE5B5} = {A4253242-4B2A-4398-A546-F5A3E538D4EF}
		{BA49A7E8-7A05-4D76-801F-7E273F231623} = {A4253242-4B2A-4398-A546-F5A3E538D4EF}
		{EE505DA8-568E-481A-981A-D8E57D17ABA9} = {52B8DFA5-A670-42FB-B5FA-AEF800EDE5B5}
		{AA2E93AC-4DCD-4E89-8CA7-015C9C9CAF69} = {BA49A7E8-7A05-4D76-801F-7E273F231623}
		{802DF262-4541-47C4-9EB2-63F0B188F32C} = {A4253242-4B2A-4398-A546-F5A3E538D4EF}
		{115B9304-3C11-4DC3-822A-DE3EE17FF2E1} = {802DF262-4541-47C4-9EB2-63F0B188F32C}
	EndGlobalSection
	GlobalSection(ExtensibilityGlobals) = postSolution
		SolutionGuid = {0FCDC697-FDFC-4E46-A678-6A4864A42050}
	EndGlobalSection
EndGlobal
